
Microsoft Visual Studio Solution File, Format Version 10.00
# Visual Studio 2008
Project("{8BC9CEB8-8B4A-11D0-8D11-00A0C91BC942}") = "cmt", "..\..\cmt\Windows\cmt.vcproj", "{BF1F95B6-9839-47B5-9BAF-E6BA1479213A}"
	ProjectSection(ProjectDependencies) = postProject
		{6C781803-4A85-4C13-A30F-274EA846F3C1} = {6C781803-4A85-4C13-A30F-274EA846F3C1}
		{10290310-CC60-427B-BEBD-8FD0BCF8DBB0} = {10290310-CC60-427B-BEBD-8FD0BCF8DBB0}
		{D51D6811-0570-494F-BEBC-EB587A4DFEA6} = {D51D6811-0570-494F-BEBC-EB587A4DFEA6}
		{17233F19-2F1F-46DC-A5AF-F1BA3169B114} = {17233F19-2F1F-46DC-A5AF-F1BA3169B114}
		{684E653F-8050-4090-ADDE-200AC5D0A358} = {684E653F-8050-4090-ADDE-200AC5D0A358}
		{D35A8C44-ADC1-4687-AAF7-F50115AFCA37} = {D35A8C44-ADC1-4687-AAF7-F50115AFCA37}
		{35B5F56C-A7E8-4091-9F89-B87A53EDFC0B} = {35B5F56C-A7E8-4091-9F89-B87A53EDFC0B}
		{255A7E6D-B3D1-449B-83E6-A2162E03B131} = {255A7E6D-B3D1-449B-83E6-A2162E03B131}
		{FF7A4C81-2844-4100-953A-89C9B63721A4} = {FF7A4C81-2844-4100-953A-89C9B63721A4}
		{43BC6192-441C-4BE3-9524-80477EE608B7} = {43BC6192-441C-4BE3-9524-80477EE608B7}
		{229EF49A-637D-45C6-905E-16C20490FC56} = {229EF49A-637D-45C6-905E-16C20490FC56}
		{563F0FAB-26CE-4052-87EF-B07B0A0C47D3} = {563F0FAB-26CE-4052-87EF-B07B0A0C47D3}
		{6C729BC4-6CED-4583-9C5C-E4A322EFECDC} = {6C729BC4-6CED-4583-9C5C-E4A322EFECDC}
		{B94106D3-6C20-4559-A4B7-F422960BBD1E} = {B94106D3-6C20-4559-A4B7-F422960BBD1E}
		{0610CDEA-C3DA-45D2-8F63-CD292F6232A5} = {0610CDEA-C3DA-45D2-8F63-CD292F6232A5}
		{F6662BF9-FC96-4721-8A8F-E4EB4AE0DF48} = {F6662BF9-FC96-4721-8A8F-E4EB4AE0DF48}
		{3BD1D4FD-35D3-490F-8E6F-55BD29E32A9B} = {3BD1D4FD-35D3-490F-8E6F-55BD29E32A9B}
	EndProjectSection
EndProject
Project("{8BC9CEB8-8B4A-11D0-8D11-00A0C91BC942}") = "FIL", "..\..\FIL\Windows\FIL.vcproj", "{D51D6811-0570-494F-BEBC-EB587A4DFEA6}"
	ProjectSection(ProjectDependencies) = postProject
		{10290310-CC60-427B-BEBD-8FD0BCF8DBB0} = {10290310-CC60-427B-BEBD-8FD0BCF8DBB0}
		{17233F19-2F1F-46DC-A5AF-F1BA3169B114} = {17233F19-2F1F-46DC-A5AF-F1BA3169B114}
		{684E653F-8050-4090-ADDE-200AC5D0A358} = {684E653F-8050-4090-ADDE-200AC5D0A358}
		{35B5F56C-A7E8-4091-9F89-B87A53EDFC0B} = {35B5F56C-A7E8-4091-9F89-B87A53EDFC0B}
		{255A7E6D-B3D1-449B-83E6-A2162E03B131} = {255A7E6D-B3D1-449B-83E6-A2162E03B131}
		{FF7A4C81-2844-4100-953A-89C9B63721A4} = {FF7A4C81-2844-4100-953A-89C9B63721A4}
		{43BC6192-441C-4BE3-9524-80477EE608B7} = {43BC6192-441C-4BE3-9524-80477EE608B7}
		{563F0FAB-26CE-4052-87EF-B07B0A0C47D3} = {563F0FAB-26CE-4052-87EF-B07B0A0C47D3}
		{6C729BC4-6CED-4583-9C5C-E4A322EFECDC} = {6C729BC4-6CED-4583-9C5C-E4A322EFECDC}
		{B94106D3-6C20-4559-A4B7-F422960BBD1E} = {B94106D3-6C20-4559-A4B7-F422960BBD1E}
		{0610CDEA-C3DA-45D2-8F63-CD292F6232A5} = {0610CDEA-C3DA-45D2-8F63-CD292F6232A5}
		{F6662BF9-FC96-4721-8A8F-E4EB4AE0DF48} = {F6662BF9-FC96-4721-8A8F-E4EB4AE0DF48}
		{3BD1D4FD-35D3-490F-8E6F-55BD29E32A9B} = {3BD1D4FD-35D3-490F-8E6F-55BD29E32A9B}
	EndProjectSection
EndProject
Project("{8BC9CEB8-8B4A-11D0-8D11-00A0C91BC942}") = "foo", "..\..\foo\Windows\foo.vcproj", "{F6662BF9-FC96-4721-8A8F-E4EB4AE0DF48}"
	ProjectSection(ProjectDependencies) = postProject
		{10290310-CC60-427B-BEBD-8FD0BCF8DBB0} = {10290310-CC60-427B-BEBD-8FD0BCF8DBB0}
		{17233F19-2F1F-46DC-A5AF-F1BA3169B114} = {17233F19-2F1F-46DC-A5AF-F1BA3169B114}
		{684E653F-8050-4090-ADDE-200AC5D0A358} = {684E653F-8050-4090-ADDE-200AC5D0A358}
		{35B5F56C-A7E8-4091-9F89-B87A53EDFC0B} = {35B5F56C-A7E8-4091-9F89-B87A53EDFC0B}
		{255A7E6D-B3D1-449B-83E6-A2162E03B131} = {255A7E6D-B3D1-449B-83E6-A2162E03B131}
		{FF7A4C81-2844-4100-953A-89C9B63721A4} = {FF7A4C81-2844-4100-953A-89C9B63721A4}
		{563F0FAB-26CE-4052-87EF-B07B0A0C47D3} = {563F0FAB-26CE-4052-87EF-B07B0A0C47D3}
		{6C729BC4-6CED-4583-9C5C-E4A322EFECDC} = {6C729BC4-6CED-4583-9C5C-E4A322EFECDC}
		{B94106D3-6C20-4559-A4B7-F422960BBD1E} = {B94106D3-6C20-4559-A4B7-F422960BBD1E}
		{0610CDEA-C3DA-45D2-8F63-CD292F6232A5} = {0610CDEA-C3DA-45D2-8F63-CD292F6232A5}
		{3BD1D4FD-35D3-490F-8E6F-55BD29E32A9B} = {3BD1D4FD-35D3-490F-8E6F-55BD29E32A9B}
	EndProjectSection
EndProject
Project("{8BC9CEB8-8B4A-11D0-8D11-00A0C91BC942}") = "CsChorus", "..\..\mcp\Windows\CsChorus.vcproj", "{6C781803-4A85-4C13-A30F-274EA846F3C1}"
	ProjectSection(ProjectDependencies) = postProject
		{10290310-CC60-427B-BEBD-8FD0BCF8DBB0} = {10290310-CC60-427B-BEBD-8FD0BCF8DBB0}
		{D51D6811-0570-494F-BEBC-EB587A4DFEA6} = {D51D6811-0570-494F-BEBC-EB587A4DFEA6}
		{17233F19-2F1F-46DC-A5AF-F1BA3169B114} = {17233F19-2F1F-46DC-A5AF-F1BA3169B114}
		{684E653F-8050-4090-ADDE-200AC5D0A358} = {684E653F-8050-4090-ADDE-200AC5D0A358}
		{D35A8C44-ADC1-4687-AAF7-F50115AFCA37} = {D35A8C44-ADC1-4687-AAF7-F50115AFCA37}
		{35B5F56C-A7E8-4091-9F89-B87A53EDFC0B} = {35B5F56C-A7E8-4091-9F89-B87A53EDFC0B}
		{255A7E6D-B3D1-449B-83E6-A2162E03B131} = {255A7E6D-B3D1-449B-83E6-A2162E03B131}
		{FF7A4C81-2844-4100-953A-89C9B63721A4} = {FF7A4C81-2844-4100-953A-89C9B63721A4}
		{43BC6192-441C-4BE3-9524-80477EE608B7} = {43BC6192-441C-4BE3-9524-80477EE608B7}
		{563F0FAB-26CE-4052-87EF-B07B0A0C47D3} = {563F0FAB-26CE-4052-87EF-B07B0A0C47D3}
		{6C729BC4-6CED-4583-9C5C-E4A322EFECDC} = {6C729BC4-6CED-4583-9C5C-E4A322EFECDC}
		{B94106D3-6C20-4559-A4B7-F422960BBD1E} = {B94106D3-6C20-4559-A4B7-F422960BBD1E}
		{0610CDEA-C3DA-45D2-8F63-CD292F6232A5} = {0610CDEA-C3DA-45D2-8F63-CD292F6232A5}
		{F6662BF9-FC96-4721-8A8F-E4EB4AE0DF48} = {F6662BF9-FC96-4721-8A8F-E4EB4AE0DF48}
		{3BD1D4FD-35D3-490F-8E6F-55BD29E32A9B} = {3BD1D4FD-35D3-490F-8E6F-55BD29E32A9B}
	EndProjectSection
EndProject
Project("{8BC9CEB8-8B4A-11D0-8D11-00A0C91BC942}") = "CsPhaser", "..\..\mcp\Windows\CsPhaser.vcproj", "{D35A8C44-ADC1-4687-AAF7-F50115AFCA37}"
	ProjectSection(ProjectDependencies) = postProject
		{10290310-CC60-427B-BEBD-8FD0BCF8DBB0} = {10290310-CC60-427B-BEBD-8FD0BCF8DBB0}
		{D51D6811-0570-494F-BEBC-EB587A4DFEA6} = {D51D6811-0570-494F-BEBC-EB587A4DFEA6}
		{17233F19-2F1F-46DC-A5AF-F1BA3169B114} = {17233F19-2F1F-46DC-A5AF-F1BA3169B114}
		{684E653F-8050-4090-ADDE-200AC5D0A358} = {684E653F-8050-4090-ADDE-200AC5D0A358}
		{35B5F56C-A7E8-4091-9F89-B87A53EDFC0B} = {35B5F56C-A7E8-4091-9F89-B87A53EDFC0B}
		{255A7E6D-B3D1-449B-83E6-A2162E03B131} = {255A7E6D-B3D1-449B-83E6-A2162E03B131}
		{FF7A4C81-2844-4100-953A-89C9B63721A4} = {FF7A4C81-2844-4100-953A-89C9B63721A4}
		{43BC6192-441C-4BE3-9524-80477EE608B7} = {43BC6192-441C-4BE3-9524-80477EE608B7}
		{563F0FAB-26CE-4052-87EF-B07B0A0C47D3} = {563F0FAB-26CE-4052-87EF-B07B0A0C47D3}
		{6C729BC4-6CED-4583-9C5C-E4A322EFECDC} = {6C729BC4-6CED-4583-9C5C-E4A322EFECDC}
		{B94106D3-6C20-4559-A4B7-F422960BBD1E} = {B94106D3-6C20-4559-A4B7-F422960BBD1E}
		{0610CDEA-C3DA-45D2-8F63-CD292F6232A5} = {0610CDEA-C3DA-45D2-8F63-CD292F6232A5}
		{F6662BF9-FC96-4721-8A8F-E4EB4AE0DF48} = {F6662BF9-FC96-4721-8A8F-E4EB4AE0DF48}
		{3BD1D4FD-35D3-490F-8E6F-55BD29E32A9B} = {3BD1D4FD-35D3-490F-8E6F-55BD29E32A9B}
	EndProjectSection
EndProject
Project("{8BC9CEB8-8B4A-11D0-8D11-00A0C91BC942}") = "MoogHPF", "..\..\mcp\Windows\MoogHPF.vcproj", "{0610CDEA-C3DA-45D2-8F63-CD292F6232A5}"
	ProjectSection(ProjectDependencies) = postProject
		{10290310-CC60-427B-BEBD-8FD0BCF8DBB0} = {10290310-CC60-427B-BEBD-8FD0BCF8DBB0}
		{17233F19-2F1F-46DC-A5AF-F1BA3169B114} = {17233F19-2F1F-46DC-A5AF-F1BA3169B114}
		{684E653F-8050-4090-ADDE-200AC5D0A358} = {684E653F-8050-4090-ADDE-200AC5D0A358}
		{35B5F56C-A7E8-4091-9F89-B87A53EDFC0B} = {35B5F56C-A7E8-4091-9F89-B87A53EDFC0B}
		{255A7E6D-B3D1-449B-83E6-A2162E03B131} = {255A7E6D-B3D1-449B-83E6-A2162E03B131}
		{FF7A4C81-2844-4100-953A-89C9B63721A4} = {FF7A4C81-2844-4100-953A-89C9B63721A4}
		{563F0FAB-26CE-4052-87EF-B07B0A0C47D3} = {563F0FAB-26CE-4052-87EF-B07B0A0C47D3}
		{6C729BC4-6CED-4583-9C5C-E4A322EFECDC} = {6C729BC4-6CED-4583-9C5C-E4A322EFECDC}
		{B94106D3-6C20-4559-A4B7-F422960BBD1E} = {B94106D3-6C20-4559-A4B7-F422960BBD1E}
		{3BD1D4FD-35D3-490F-8E6F-55BD29E32A9B} = {3BD1D4FD-35D3-490F-8E6F-55BD29E32A9B}
	EndProjectSection
EndProject
Project("{8BC9CEB8-8B4A-11D0-8D11-00A0C91BC942}") = "MoogLPF", "..\..\mcp\Windows\MoogLPF.vcproj", "{6C729BC4-6CED-4583-9C5C-E4A322EFECDC}"
	ProjectSection(ProjectDependencies) = postProject
		{10290310-CC60-427B-BEBD-8FD0BCF8DBB0} = {10290310-CC60-427B-BEBD-8FD0BCF8DBB0}
		{17233F19-2F1F-46DC-A5AF-F1BA3169B114} = {17233F19-2F1F-46DC-A5AF-F1BA3169B114}
		{684E653F-8050-4090-ADDE-200AC5D0A358} = {684E653F-8050-4090-ADDE-200AC5D0A358}
		{35B5F56C-A7E8-4091-9F89-B87A53EDFC0B} = {35B5F56C-A7E8-4091-9F89-B87A53EDFC0B}
		{255A7E6D-B3D1-449B-83E6-A2162E03B131} = {255A7E6D-B3D1-449B-83E6-A2162E03B131}
		{FF7A4C81-2844-4100-953A-89C9B63721A4} = {FF7A4C81-2844-4100-953A-89C9B63721A4}
		{563F0FAB-26CE-4052-87EF-B07B0A0C47D3} = {563F0FAB-26CE-4052-87EF-B07B0A0C47D3}
		{B94106D3-6C20-4559-A4B7-F422960BBD1E} = {B94106D3-6C20-4559-A4B7-F422960BBD1E}
		{3BD1D4FD-35D3-490F-8E6F-55BD29E32A9B} = {3BD1D4FD-35D3-490F-8E6F-55BD29E32A9B}
	EndProjectSection
EndProject
Project("{8BC9CEB8-8B4A-11D0-8D11-00A0C91BC942}") = "Chebstortion", "..\..\swh\Windows\Chebstortion.vcproj", "{229EF49A-637D-45C6-905E-16C20490FC56}"
	ProjectSection(ProjectDependencies) = postProject
		{6C781803-4A85-4C13-A30F-274EA846F3C1} = {6C781803-4A85-4C13-A30F-274EA846F3C1}
		{10290310-CC60-427B-BEBD-8FD0BCF8DBB0} = {10290310-CC60-427B-BEBD-8FD0BCF8DBB0}
		{D51D6811-0570-494F-BEBC-EB587A4DFEA6} = {D51D6811-0570-494F-BEBC-EB587A4DFEA6}
		{17233F19-2F1F-46DC-A5AF-F1BA3169B114} = {17233F19-2F1F-46DC-A5AF-F1BA3169B114}
		{684E653F-8050-4090-ADDE-200AC5D0A358} = {684E653F-8050-4090-ADDE-200AC5D0A358}
		{D35A8C44-ADC1-4687-AAF7-F50115AFCA37} = {D35A8C44-ADC1-4687-AAF7-F50115AFCA37}
		{35B5F56C-A7E8-4091-9F89-B87A53EDFC0B} = {35B5F56C-A7E8-4091-9F89-B87A53EDFC0B}
		{255A7E6D-B3D1-449B-83E6-A2162E03B131} = {255A7E6D-B3D1-449B-83E6-A2162E03B131}
		{FF7A4C81-2844-4100-953A-89C9B63721A4} = {FF7A4C81-2844-4100-953A-89C9B63721A4}
		{43BC6192-441C-4BE3-9524-80477EE608B7} = {43BC6192-441C-4BE3-9524-80477EE608B7}
		{563F0FAB-26CE-4052-87EF-B07B0A0C47D3} = {563F0FAB-26CE-4052-87EF-B07B0A0C47D3}
		{6C729BC4-6CED-4583-9C5C-E4A322EFECDC} = {6C729BC4-6CED-4583-9C5C-E4A322EFECDC}
		{B94106D3-6C20-4559-A4B7-F422960BBD1E} = {B94106D3-6C20-4559-A4B7-F422960BBD1E}
		{0610CDEA-C3DA-45D2-8F63-CD292F6232A5} = {0610CDEA-C3DA-45D2-8F63-CD292F6232A5}
		{F6662BF9-FC96-4721-8A8F-E4EB4AE0DF48} = {F6662BF9-FC96-4721-8A8F-E4EB4AE0DF48}
		{3BD1D4FD-35D3-490F-8E6F-55BD29E32A9B} = {3BD1D4FD-35D3-490F-8E6F-55BD29E32A9B}
	EndProjectSection
EndProject
Project("{8BC9CEB8-8B4A-11D0-8D11-00A0C91BC942}") = "Foldover", "..\..\swh\Windows\Foldover.vcproj", "{43BC6192-441C-4BE3-9524-80477EE608B7}"
	ProjectSection(ProjectDependencies) = postProject
		{10290310-CC60-427B-BEBD-8FD0BCF8DBB0} = {10290310-CC60-427B-BEBD-8FD0BCF8DBB0}
		{17233F19-2F1F-46DC-A5AF-F1BA3169B114} = {17233F19-2F1F-46DC-A5AF-F1BA3169B114}
		{684E653F-8050-4090-ADDE-200AC5D0A358} = {684E653F-8050-4090-ADDE-200AC5D0A358}
		{35B5F56C-A7E8-4091-9F89-B87A53EDFC0B} = {35B5F56C-A7E8-4091-9F89-B87A53EDFC0B}
		{255A7E6D-B3D1-449B-83E6-A2162E03B131} = {255A7E6D-B3D1-449B-83E6-A2162E03B131}
		{FF7A4C81-2844-4100-953A-89C9B63721A4} = {FF7A4C81-2844-4100-953A-89C9B63721A4}
		{563F0FAB-26CE-4052-87EF-B07B0A0C47D3} = {563F0FAB-26CE-4052-87EF-B07B0A0C47D3}
		{6C729BC4-6CED-4583-9C5C-E4A322EFECDC} = {6C729BC4-6CED-4583-9C5C-E4A322EFECDC}
		{B94106D3-6C20-4559-A4B7-F422960BBD1E} = {B94106D3-6C20-4559-A4B7-F422960BBD1E}
		{0610CDEA-C3DA-45D2-8F63-CD292F6232A5} = {0610CDEA-C3DA-45D2-8F63-CD292F6232A5}
		{F6662BF9-FC96-4721-8A8F-E4EB4AE0DF48} = {F6662BF9-FC96-4721-8A8F-E4EB4AE0DF48}
		{3BD1D4FD-35D3-490F-8E6F-55BD29E32A9B} = {3BD1D4FD-35D3-490F-8E6F-55BD29E32A9B}
	EndProjectSection
EndProject
Project("{8BC9CEB8-8B4A-11D0-8D11-00A0C91BC942}") = "Overdrive", "..\..\swh\Windows\Overdrive.vcproj", "{B94106D3-6C20-4559-A4B7-F422960BBD1E}"
	ProjectSection(ProjectDependencies) = postProject
		{10290310-CC60-427B-BEBD-8FD0BCF8DBB0} = {10290310-CC60-427B-BEBD-8FD0BCF8DBB0}
		{17233F19-2F1F-46DC-A5AF-F1BA3169B114} = {17233F19-2F1F-46DC-A5AF-F1BA3169B114}
		{684E653F-8050-4090-ADDE-200AC5D0A358} = {684E653F-8050-4090-ADDE-200AC5D0A358}
		{35B5F56C-A7E8-4091-9F89-B87A53EDFC0B} = {35B5F56C-A7E8-4091-9F89-B87A53EDFC0B}
		{255A7E6D-B3D1-449B-83E6-A2162E03B131} = {255A7E6D-B3D1-449B-83E6-A2162E03B131}
		{FF7A4C81-2844-4100-953A-89C9B63721A4} = {FF7A4C81-2844-4100-953A-89C9B63721A4}
		{563F0FAB-26CE-4052-87EF-B07B0A0C47D3} = {563F0FAB-26CE-4052-87EF-B07B0A0C47D3}
		{3BD1D4FD-35D3-490F-8E6F-55BD29E32A9B} = {3BD1D4FD-35D3-490F-8E6F-55BD29E32A9B}
	EndProjectSection
EndProject
Project("{8BC9CEB8-8B4A-11D0-8D11-00A0C91BC942}") = "Valve", "..\..\swh\Windows\Valve.vcproj", "{563F0FAB-26CE-4052-87EF-B07B0A0C47D3}"
	ProjectSection(ProjectDependencies) = postProject
		{684E653F-8050-4090-ADDE-200AC5D0A358} = {684E653F-8050-4090-ADDE-200AC5D0A358}
		{FF7A4C81-2844-4100-953A-89C9B63721A4} = {FF7A4C81-2844-4100-953A-89C9B63721A4}
	EndProjectSection
EndProject
Project("{8BC9CEB8-8B4A-11D0-8D11-00A0C91BC942}") = "ValveRect", "..\..\swh\Windows\ValveRect.vcproj", "{FF7A4C81-2844-4100-953A-89C9B63721A4}"
	ProjectSection(ProjectDependencies) = postProject
		{684E653F-8050-4090-ADDE-200AC5D0A358} = {684E653F-8050-4090-ADDE-200AC5D0A358}
	EndProjectSection
EndProject
Project("{8BC9CEB8-8B4A-11D0-8D11-00A0C91BC942}") = "Vynil", "..\..\swh\Windows\Vynil.vcproj", "{684E653F-8050-4090-ADDE-200AC5D0A358}"
EndProject
Project("{8BC9CEB8-8B4A-11D0-8D11-00A0C91BC942}") = "TapChorusFlanger", "..\..\tap\tap-plugins\Windows\TapChorusFlanger.vcproj", "{10290310-CC60-427B-BEBD-8FD0BCF8DBB0}"
	ProjectSection(ProjectDependencies) = postProject
		{17233F19-2F1F-46DC-A5AF-F1BA3169B114} = {17233F19-2F1F-46DC-A5AF-F1BA3169B114}
		{684E653F-8050-4090-ADDE-200AC5D0A358} = {684E653F-8050-4090-ADDE-200AC5D0A358}
		{35B5F56C-A7E8-4091-9F89-B87A53EDFC0B} = {35B5F56C-A7E8-4091-9F89-B87A53EDFC0B}
		{255A7E6D-B3D1-449B-83E6-A2162E03B131} = {255A7E6D-B3D1-449B-83E6-A2162E03B131}
		{FF7A4C81-2844-4100-953A-89C9B63721A4} = {FF7A4C81-2844-4100-953A-89C9B63721A4}
		{563F0FAB-26CE-4052-87EF-B07B0A0C47D3} = {563F0FAB-26CE-4052-87EF-B07B0A0C47D3}
		{3BD1D4FD-35D3-490F-8E6F-55BD29E32A9B} = {3BD1D4FD-35D3-490F-8E6F-55BD29E32A9B}
	EndProjectSection
EndProject
Project("{8BC9CEB8-8B4A-11D0-8D11-00A0C91BC942}") = "TapPitch", "..\..\tap\tap-plugins\Windows\TapPitch.vcproj", "{35B5F56C-A7E8-4091-9F89-B87A53EDFC0B}"
	ProjectSection(ProjectDependencies) = postProject
		{17233F19-2F1F-46DC-A5AF-F1BA3169B114} = {17233F19-2F1F-46DC-A5AF-F1BA3169B114}
		{684E653F-8050-4090-ADDE-200AC5D0A358} = {684E653F-8050-4090-ADDE-200AC5D0A358}
		{255A7E6D-B3D1-449B-83E6-A2162E03B131} = {255A7E6D-B3D1-449B-83E6-A2162E03B131}
		{FF7A4C81-2844-4100-953A-89C9B63721A4} = {FF7A4C81-2844-4100-953A-89C9B63721A4}
		{563F0FAB-26CE-4052-87EF-B07B0A0C47D3} = {563F0FAB-26CE-4052-87EF-B07B0A0C47D3}
		{3BD1D4FD-35D3-490F-8E6F-55BD29E32A9B} = {3BD1D4FD-35D3-490F-8E6F-55BD29E32A9B}
	EndProjectSection
EndProject
Project("{8BC9CEB8-8B4A-11D0-8D11-00A0C91BC942}") = "TapReflector", "..\..\tap\tap-plugins\Windows\TapReflector.vcproj", "{3BD1D4FD-35D3-490F-8E6F-55BD29E32A9B}"
	ProjectSection(ProjectDependencies) = postProject
		{17233F19-2F1F-46DC-A5AF-F1BA3169B114} = {17233F19-2F1F-46DC-A5AF-F1BA3169B114}
		{684E653F-8050-4090-ADDE-200AC5D0A358} = {684E653F-8050-4090-ADDE-200AC5D0A358}
		{255A7E6D-B3D1-449B-83E6-A2162E03B131} = {255A7E6D-B3D1-449B-83E6-A2162E03B131}
		{FF7A4C81-2844-4100-953A-89C9B63721A4} = {FF7A4C81-2844-4100-953A-89C9B63721A4}
		{563F0FAB-26CE-4052-87EF-B07B0A0C47D3} = {563F0FAB-26CE-4052-87EF-B07B0A0C47D3}
	EndProjectSection
EndProject
Project("{8BC9CEB8-8B4A-11D0-8D11-00A0C91BC942}") = "TapStereoEcho", "..\..\tap\tap-plugins\Windows\TapStereoEcho.vcproj", "{17233F19-2F1F-46DC-A5AF-F1BA3169B114}"
	ProjectSection(ProjectDependencies) = postProject
		{684E653F-8050-4090-ADDE-200AC5D0A358} = {684E653F-8050-4090-ADDE-200AC5D0A358}
		{255A7E6D-B3D1-449B-83E6-A2162E03B131} = {255A7E6D-B3D1-449B-83E6-A2162E03B131}
		{FF7A4C81-2844-4100-953A-89C9B63721A4} = {FF7A4C81-2844-4100-953A-89C9B63721A4}
		{563F0FAB-26CE-4052-87EF-B07B0A0C47D3} = {563F0FAB-26CE-4052-87EF-B07B0A0C47D3}
	EndProjectSection
EndProject
Project("{8BC9CEB8-8B4A-11D0-8D11-00A0C91BC942}") = "TapVibrato", "..\..\tap\tap-plugins\Windows\TapVibrato.vcproj", "{255A7E6D-B3D1-449B-83E6-A2162E03B131}"
	ProjectSection(ProjectDependencies) = postProject
		{684E653F-8050-4090-ADDE-200AC5D0A358} = {684E653F-8050-4090-ADDE-200AC5D0A358}
		{FF7A4C81-2844-4100-953A-89C9B63721A4} = {FF7A4C81-2844-4100-953A-89C9B63721A4}
		{563F0FAB-26CE-4052-87EF-B07B0A0C47D3} = {563F0FAB-26CE-4052-87EF-B07B0A0C47D3}
	EndProjectSection
EndProject
Global
	GlobalSection(SolutionConfigurationPlatforms) = preSolution
		Debug|Win32 = Debug|Win32
		Release|Win32 = Release|Win32
	EndGlobalSection
	GlobalSection(ProjectConfigurationPlatforms) = postSolution
		{BF1F95B6-9839-47B5-9BAF-E6BA1479213A}.Debug|Win32.ActiveCfg = Debug|Win32
		{BF1F95B6-9839-47B5-9BAF-E6BA1479213A}.Debug|Win32.Build.0 = Debug|Win32
		{BF1F95B6-9839-47B5-9BAF-E6BA1479213A}.Release|Win32.ActiveCfg = Release|Win32
		{BF1F95B6-9839-47B5-9BAF-E6BA1479213A}.Release|Win32.Build.0 = Release|Win32
		{D51D6811-0570-494F-BEBC-EB587A4DFEA6}.Debug|Win32.ActiveCfg = Debug|Win32
		{D51D6811-0570-494F-BEBC-EB587A4DFEA6}.Debug|Win32.Build.0 = Debug|Win32
		{D51D6811-0570-494F-BEBC-EB587A4DFEA6}.Release|Win32.ActiveCfg = Release|Win32
		{D51D6811-0570-494F-BEBC-EB587A4DFEA6}.Release|Win32.Build.0 = Release|Win32
		{F6662BF9-FC96-4721-8A8F-E4EB4AE0DF48}.Debug|Win32.ActiveCfg = Debug|Win32
		{F6662BF9-FC96-4721-8A8F-E4EB4AE0DF48}.Debug|Win32.Build.0 = Debug|Win32
		{F6662BF9-FC96-4721-8A8F-E4EB4AE0DF48}.Release|Win32.ActiveCfg = Release|Win32
		{F6662BF9-FC96-4721-8A8F-E4EB4AE0DF48}.Release|Win32.Build.0 = Release|Win32
		{6C781803-4A85-4C13-A30F-274EA846F3C1}.Debug|Win32.ActiveCfg = Debug|Win32
		{6C781803-4A85-4C13-A30F-274EA846F3C1}.Debug|Win32.Build.0 = Debug|Win32
		{6C781803-4A85-4C13-A30F-274EA846F3C1}.Release|Win32.ActiveCfg = Release|Win32
		{6C781803-4A85-4C13-A30F-274EA846F3C1}.Release|Win32.Build.0 = Release|Win32
		{D35A8C44-ADC1-4687-AAF7-F50115AFCA37}.Debug|Win32.ActiveCfg = Debug|Win32
		{D35A8C44-ADC1-4687-AAF7-F50115AFCA37}.Debug|Win32.Build.0 = Debug|Win32
		{D35A8C44-ADC1-4687-AAF7-F50115AFCA37}.Release|Win32.ActiveCfg = Release|Win32
		{D35A8C44-ADC1-4687-AAF7-F50115AFCA37}.Release|Win32.Build.0 = Release|Win32
		{0610CDEA-C3DA-45D2-8F63-CD292F6232A5}.Debug|Win32.ActiveCfg = Debug|Win32
		{0610CDEA-C3DA-45D2-8F63-CD292F6232A5}.Debug|Win32.Build.0 = Debug|Win32
		{0610CDEA-C3DA-45D2-8F63-CD292F6232A5}.Release|Win32.ActiveCfg = Release|Win32
		{0610CDEA-C3DA-45D2-8F63-CD292F6232A5}.Release|Win32.Build.0 = Release|Win32
		{6C729BC4-6CED-4583-9C5C-E4A322EFECDC}.Debug|Win32.ActiveCfg = Debug|Win32
		{6C729BC4-6CED-4583-9C5C-E4A322EFECDC}.Debug|Win32.Build.0 = Debug|Win32
		{6C729BC4-6CED-4583-9C5C-E4A322EFECDC}.Release|Win32.ActiveCfg = Release|Win32
		{6C729BC4-6CED-4583-9C5C-E4A322EFECDC}.Release|Win32.Build.0 = Release|Win32
		{229EF49A-637D-45C6-905E-16C20490FC56}.Debug|Win32.ActiveCfg = Debug|Win32
		{229EF49A-637D-45C6-905E-16C20490FC56}.Debug|Win32.Build.0 = Debug|Win32
		{229EF49A-637D-45C6-905E-16C20490FC56}.Release|Win32.ActiveCfg = Release|Win32
		{229EF49A-637D-45C6-905E-16C20490FC56}.Release|Win32.Build.0 = Release|Win32
		{43BC6192-441C-4BE3-9524-80477EE608B7}.Debug|Win32.ActiveCfg = Debug|Win32
		{43BC6192-441C-4BE3-9524-80477EE608B7}.Debug|Win32.Build.0 = Debug|Win32
		{43BC6192-441C-4BE3-9524-80477EE608B7}.Release|Win32.ActiveCfg = Release|Win32
		{43BC6192-441C-4BE3-9524-80477EE608B7}.Release|Win32.Build.0 = Release|Win32
		{B94106D3-6C20-4559-A4B7-F422960BBD1E}.Debug|Win32.ActiveCfg = Debug|Win32
		{B94106D3-6C20-4559-A4B7-F422960BBD1E}.Debug|Win32.Build.0 = Debug|Win32
		{B94106D3-6C20-4559-A4B7-F422960BBD1E}.Release|Win32.ActiveCfg = Release|Win32
		{B94106D3-6C20-4559-A4B7-F422960BBD1E}.Release|Win32.Build.0 = Release|Win32
		{563F0FAB-26CE-4052-87EF-B07B0A0C47D3}.Debug|Win32.ActiveCfg = Debug|Win32
		{563F0FAB-26CE-4052-87EF-B07B0A0C47D3}.Debug|Win32.Build.0 = Debug|Win32
		{563F0FAB-26CE-4052-87EF-B07B0A0C47D3}.Release|Win32.ActiveCfg = Release|Win32
		{563F0FAB-26CE-4052-87EF-B07B0A0C47D3}.Release|Win32.Build.0 = Release|Win32
		{FF7A4C81-2844-4100-953A-89C9B63721A4}.Debug|Win32.ActiveCfg = Debug|Win32
		{FF7A4C81-2844-4100-953A-89C9B63721A4}.Debug|Win32.Build.0 = Debug|Win32
		{FF7A4C81-2844-4100-953A-89C9B63721A4}.Release|Win32.ActiveCfg = Release|Win32
		{FF7A4C81-2844-4100-953A-89C9B63721A4}.Release|Win32.Build.0 = Release|Win32
		{684E653F-8050-4090-ADDE-200AC5D0A358}.Debug|Win32.ActiveCfg = Debug|Win32
		{684E653F-8050-4090-ADDE-200AC5D0A358}.Debug|Win32.Build.0 = Debug|Win32
		{684E653F-8050-4090-ADDE-200AC5D0A358}.Release|Win32.ActiveCfg = Release|Win32
		{684E653F-8050-4090-ADDE-200AC5D0A358}.Release|Win32.Build.0 = Release|Win32
		{10290310-CC60-427B-BEBD-8FD0BCF8DBB0}.Debug|Win32.ActiveCfg = Debug|Win32
		{10290310-CC60-427B-BEBD-8FD0BCF8DBB0}.Debug|Win32.Build.0 = Debug|Win32
		{10290310-CC60-427B-BEBD-8FD0BCF8DBB0}.Release|Win32.ActiveCfg = Release|Win32
		{10290310-CC60-427B-BEBD-8FD0BCF8DBB0}.Release|Win32.Build.0 = Release|Win32
		{35B5F56C-A7E8-4091-9F89-B87A53EDFC0B}.Debug|Win32.ActiveCfg = Debug|Win32
		{35B5F56C-A7E8-4091-9F89-B87A53EDFC0B}.Debug|Win32.Build.0 = Debug|Win32
		{35B5F56C-A7E8-4091-9F89-B87A53EDFC0B}.Release|Win32.ActiveCfg = Release|Win32
		{35B5F56C-A7E8-4091-9F89-B87A53EDFC0B}.Release|Win32.Build.0 = Release|Win32
		{3BD1D4FD-35D3-490F-8E6F-55BD29E32A9B}.Debug|Win32.ActiveCfg = Debug|Win32
		{3BD1D4FD-35D3-490F-8E6F-55BD29E32A9B}.Debug|Win32.Build.0 = Debug|Win32
		{3BD1D4FD-35D3-490F-8E6F-55BD29E32A9B}.Release|Win32.ActiveCfg = Release|Win32
		{3BD1D4FD-35D3-490F-8E6F-55BD29E32A9B}.Release|Win32.Build.0 = Release|Win32
		{17233F19-2F1F-46DC-A5AF-F1BA3169B114}.Debug|Win32.ActiveCfg = Debug|Win32
		{17233F19-2F1F-46DC-A5AF-F1BA3169B114}.Debug|Win32.Build.0 = Debug|Win32
		{17233F19-2F1F-46DC-A5AF-F1BA3169B114}.Release|Win32.ActiveCfg = Release|Win32
		{17233F19-2F1F-46DC-A5AF-F1BA3169B114}.Release|Win32.Build.0 = Release|Win32
		{255A7E6D-B3D1-449B-83E6-A2162E03B131}.Debug|Win32.ActiveCfg = Debug|Win32
		{255A7E6D-B3D1-449B-83E6-A2162E03B131}.Debug|Win32.Build.0 = Debug|Win32
		{255A7E6D-B3D1-449B-83E6-A2162E03B131}.Release|Win32.ActiveCfg = Release|Win32
		{255A7E6D-B3D1-449B-83E6-A2162E03B131}.Release|Win32.Build.0 = Release|Win32
	EndGlobalSection
	GlobalSection(SolutionProperties) = preSolution
		HideSolutionNode = FALSE
	EndGlobalSection
EndGlobal
